
Microsoft Visual Studio Solution File, Format Version 12.00
# Visual Studio Version 16
VisualStudioVersion = 25.0.1706.1
MinimumVisualStudioVersion = 10.0.40219.1
Project("{FAE04EC0-301F-11D3-BF4B-00C04F79EFBC}") = "Yarvis", "Yarvis.csproj", "{37F092FC-AF83-4A4C-B01F-B87684327580}"
EndProject
Global
	GlobalSection(SolutionConfigurationPlatforms) = preSolution
		Debug|Any CPU = Debug|Any CPU
		Release|Any CPU = Release|Any CPU
	EndGlobalSection
	GlobalSection(ProjectConfigurationPlatforms) = postSolution
		{37F092FC-AF83-4A4C-B01F-B87684327580}.Debug|Any CPU.ActiveCfg = Debug|Any CPU
		{37F092FC-AF83-4A4C-B01F-B87684327580}.Debug|Any CPU.Build.0 = Debug|Any CPU
		{37F092FC-AF83-4A4C-B01F-B87684327580}.Release|Any CPU.ActiveCfg = Release|Any CPU
		{37F092FC-AF83-4A4C-B01F-B87684327580}.Release|Any CPU.Build.0 = Release|Any CPU
	EndGlobalSection
	GlobalSection(SolutionProperties) = preSolution
		HideSolutionNode = FALSE
	EndGlobalSection
	GlobalSection(ExtensibilityGlobals) = postSolution
		SolutionGuid = {56828BC9-EFEC-4C65-83F1-B2F480024E01}
	EndGlobalSection
EndGlobal
